
Microsoft Visual Studio Solution File, Format Version 12.00
# Visual Studio Version 16
VisualStudioVersion = 16.0.29102.190
MinimumVisualStudioVersion = 10.0.40219.1
Project("{FAE04EC0-301F-11D3-BF4B-00C04F79EFBC}") = "Yoron", "Yoron\Yoron.csproj", "{43BD1408-FD07-477D-9EB2-534C7F411470}"
EndProject
Project("{FAE04EC0-301F-11D3-BF4B-00C04F79EFBC}") = "Yoron.UnitTest", "Yoron.UnitTest\Yoron.UnitTest.csproj", "{63122770-E308-446E-97C2-F70A5EAE628B}"
EndProject
Global
	GlobalSection(SolutionConfigurationPlatforms) = preSolution
		Debug|Any CPU = Debug|Any CPU
		Release|Any CPU = Release|Any CPU
	EndGlobalSection
	GlobalSection(ProjectConfigurationPlatforms) = postSolution
		{43BD1408-FD07-477D-9EB2-534C7F411470}.Debug|Any CPU.ActiveCfg = Debug|Any CPU
		{43BD1408-FD07-477D-9EB2-534C7F411470}.Debug|Any CPU.Build.0 = Debug|Any CPU
		{43BD1408-FD07-477D-9EB2-534C7F411470}.Release|Any CPU.ActiveCfg = Release|Any CPU
		{43BD1408-FD07-477D-9EB2-534C7F411470}.Release|Any CPU.Build.0 = Release|Any CPU
		{63122770-E308-446E-97C2-F70A5EAE628B}.Debug|Any CPU.ActiveCfg = Debug|Any CPU
		{63122770-E308-446E-97C2-F70A5EAE628B}.Debug|Any CPU.Build.0 = Debug|Any CPU
		{63122770-E308-446E-97C2-F70A5EAE628B}.Release|Any CPU.ActiveCfg = Release|Any CPU
		{63122770-E308-446E-97C2-F70A5EAE628B}.Release|Any CPU.Build.0 = Release|Any CPU
	EndGlobalSection
	GlobalSection(SolutionProperties) = preSolution
		HideSolutionNode = FALSE
	EndGlobalSection
	GlobalSection(ExtensibilityGlobals) = postSolution
		SolutionGuid = {AB53EF4C-92D4-49BB-A997-FA630695B044}
	EndGlobalSection
EndGlobal
